# THIS IS AN AUTOGENERATED FILE. DO NOT EDIT THIS FILE DIRECTLY.
# yarn lockfile v1


"@types/fs-extra@^11.0.2":
  version "11.0.2"
  resolved "https://registry.yarnpkg.com/@types/fs-extra/-/fs-extra-11.0.2.tgz#23dc1ed7b2eba8ccd75568ac34e7a4e48aa2d087"
  integrity sha512-c0hrgAOVYr21EX8J0jBMXGLMgJqVf/v6yxi0dLaJboW9aQPh16Id+z6w2Tx1hm+piJOLv8xPfVKZCLfjPw/IMQ==
  dependencies:
    "@types/jsonfile" "*"
    "@types/node" "*"

"@types/glob@^8.1.0":
  version "8.1.0"
  resolved "https://registry.yarnpkg.com/@types/glob/-/glob-8.1.0.tgz#b63e70155391b0584dce44e7ea25190bbc38f2fc"
  integrity sha512-IO+MJPVhoqz+28h1qLAcBEH2+xHMK6MTyHJc7MTnnYb6wsoLR29POVGJ7LycmVXIqyy/4/2ShP5sUwTXuOwb/w==
  dependencies:
    "@types/minimatch" "^5.1.2"
    "@types/node" "*"

"@types/jsonfile@*":
  version "6.1.2"
  resolved "https://registry.yarnpkg.com/@types/jsonfile/-/jsonfile-6.1.2.tgz#d3b8a3536c5bb272ebee0f784180e456b7691c8f"
  integrity sha512-8t92P+oeW4d/CRQfJaSqEwXujrhH4OEeHRjGU3v1Q8mUS8GPF3yiX26sw4svv6faL2HfBtGTe2xWIoVgN3dy9w==
  dependencies:
    "@types/node" "*"

"@types/minimatch@^5.1.2":
  version "5.1.2"
  resolved "https://registry.yarnpkg.com/@types/minimatch/-/minimatch-5.1.2.tgz#07508b45797cb81ec3f273011b054cd0755eddca"
  integrity sha512-K0VQKziLUWkVKiRVrx4a40iPaxTUefQmjtkQofBkYRcoaaL/8rhwDWww9qWbrgicNOgnpIsMxyNIUM4+n6dUIA==

"@types/node@*", "@types/node@^20.6.2":
  version "20.6.2"
  resolved "https://registry.yarnpkg.com/@types/node/-/node-20.6.2.tgz#a065925409f59657022e9063275cd0b9bd7e1b12"
  integrity sha512-Y+/1vGBHV/cYk6OI1Na/LHzwnlNCAfU3ZNGrc1LdRe/LAIbdDPTTv/HU3M7yXN448aTVDq3eKRm2cg7iKLb8gw==

typescript@^5.2.2:
  version "5.2.2"
  resolved "https://registry.yarnpkg.com/typescript/-/typescript-5.2.2.tgz#5ebb5e5a5b75f085f22bc3f8460fba308310fa78"
  integrity sha512-mI4WrpHsbCIcwT9cF4FZvr80QUeKvsUsUvKDoR+X/7XHQH98xYD8YHZg7ANtz2GtZt/CBq2QJ0thkGJMHfqc1w==
